// !$*UTF8*$!
{
	archiveVersion = 1;
	classes = {
	};
	objectVersion = 56;
	objects = {

/* Begin PBXBuildFile section */
		9EB83EF87CD43F5537C8FF10 /* Pods_Tipsy_Project.framework in Frameworks */ = {isa = PBXBuildFile; fileRef = 4DAC0D5AB07F6C7A4D56BBF8 /* Pods_Tipsy_Project.framework */; };
		EB19A57F29F588E40060F3BE /* AppDelegate.swift in Sources */ = {isa = PBXBuildFile; fileRef = EB19A57E29F588E40060F3BE /* AppDelegate.swift */; };
		EB19A58129F588E40060F3BE /* SceneDelegate.swift in Sources */ = {isa = PBXBuildFile; fileRef = EB19A58029F588E40060F3BE /* SceneDelegate.swift */; };
		EB19A58329F588E40060F3BE /* ViewController.swift in Sources */ = {isa = PBXBuildFile; fileRef = EB19A58229F588E40060F3BE /* ViewController.swift */; };
		EB19A58829F588E40060F3BE /* Assets.xcassets in Resources */ = {isa = PBXBuildFile; fileRef = EB19A58729F588E40060F3BE /* Assets.xcassets */; };
		EB19A58B29F588E40060F3BE /* LaunchScreen.storyboard in Resources */ = {isa = PBXBuildFile; fileRef = EB19A58929F588E40060F3BE /* LaunchScreen.storyboard */; };
		EBA50D6529F58E8A0036DD16 /* SecondViewController.swift in Sources */ = {isa = PBXBuildFile; fileRef = EBA50D6429F58E8A0036DD16 /* SecondViewController.swift */; };
/* End PBXBuildFile section */

/* Begin PBXFileReference section */
		41736C94BD98AE7E3A815367 /* Pods-Tipsy Project.debug.xcconfig */ = {isa = PBXFileReference; includeInIndex = 1; lastKnownFileType = text.xcconfig; name = "Pods-Tipsy Project.debug.xcconfig"; path = "Target Support Files/Pods-Tipsy Project/Pods-Tipsy Project.debug.xcconfig"; sourceTree = "<group>"; };
		4DAC0D5AB07F6C7A4D56BBF8 /* Pods_Tipsy_Project.framework */ = {isa = PBXFileReference; explicitFileType = wrapper.framework; includeInIndex = 0; path = Pods_Tipsy_Project.framework; sourceTree = BUILT_PRODUCTS_DIR; };
		60B60F0387593E761292E6D6 /* Pods-Tipsy Project.release.xcconfig */ = {isa = PBXFileReference; includeInIndex = 1; lastKnownFileType = text.xcconfig; name = "Pods-Tipsy Project.release.xcconfig"; path = "Target Support Files/Pods-Tipsy Project/Pods-Tipsy Project.release.xcconfig"; sourceTree = "<group>"; };
		EB19A57B29F588E40060F3BE /* Tipsy Project.app */ = {isa = PBXFileReference; explicitFileType = wrapper.application; includeInIndex = 0; path = "Tipsy Project.app"; sourceTree = BUILT_PRODUCTS_DIR; };
		EB19A57E29F588E40060F3BE /* AppDelegate.swift */ = {isa = PBXFileReference; lastKnownFileType = sourcecode.swift; path = AppDelegate.swift; sourceTree = "<group>"; };
		EB19A58029F588E40060F3BE /* SceneDelegate.swift */ = {isa = PBXFileReference; lastKnownFileType = sourcecode.swift; path = SceneDelegate.swift; sourceTree = "<group>"; };
		EB19A58229F588E40060F3BE /* ViewController.swift */ = {isa = PBXFileReference; lastKnownFileType = sourcecode.swift; path = ViewController.swift; sourceTree = "<group>"; };
		EB19A58729F588E40060F3BE /* Assets.xcassets */ = {isa = PBXFileReference; lastKnownFileType = folder.assetcatalog; path = Assets.xcassets; sourceTree = "<group>"; };
		EB19A58A29F588E40060F3BE /* Base */ = {isa = PBXFileReference; lastKnownFileType = file.storyboard; name = Base; path = Base.lproj/LaunchScreen.storyboard; sourceTree = "<group>"; };
		EB19A58C29F588E40060F3BE /* Info.plist */ = {isa = PBXFileReference; lastKnownFileType = text.plist.xml; path = Info.plist; sourceTree = "<group>"; };
		EBA50D6429F58E8A0036DD16 /* SecondViewController.swift */ = {isa = PBXFileReference; lastKnownFileType = sourcecode.swift; path = SecondViewController.swift; sourceTree = "<group>"; };
/* End PBXFileReference section */

/* Begin PBXFrameworksBuildPhase section */
		EB19A57829F588E40060F3BE /* Frameworks */ = {
			isa = PBXFrameworksBuildPhase;
			buildActionMask = 2147483647;
			files = (
				9EB83EF87CD43F5537C8FF10 /* Pods_Tipsy_Project.framework in Frameworks */,
			);
			runOnlyForDeploymentPostprocessing = 0;
		};
/* End PBXFrameworksBuildPhase section */

/* Begin PBXGroup section */
		0D8354379CC7066C959E7078 /* Frameworks */ = {
			isa = PBXGroup;
			children = (
				4DAC0D5AB07F6C7A4D56BBF8 /* Pods_Tipsy_Project.framework */,
			);
			name = Frameworks;
			sourceTree = "<group>";
		};
		CCBF25B988C6C0CCBED525E6 /* Pods */ = {
			isa = PBXGroup;
			children = (
				41736C94BD98AE7E3A815367 /* Pods-Tipsy Project.debug.xcconfig */,
				60B60F0387593E761292E6D6 /* Pods-Tipsy Project.release.xcconfig */,
			);
			path = Pods;
			sourceTree = "<group>";
		};
		EB19A57229F588E40060F3BE = {
			isa = PBXGroup;
			children = (
				EB19A57D29F588E40060F3BE /* Tipsy Project */,
				EB19A57C29F588E40060F3BE /* Products */,
				CCBF25B988C6C0CCBED525E6 /* Pods */,
				0D8354379CC7066C959E7078 /* Frameworks */,
			);
			sourceTree = "<group>";
		};
		EB19A57C29F588E40060F3BE /* Products */ = {
			isa = PBXGroup;
			children = (
				EB19A57B29F588E40060F3BE /* Tipsy Project.app */,
			);
			name = Products;
			sourceTree = "<group>";
		};
		EB19A57D29F588E40060F3BE /* Tipsy Project */ = {
			isa = PBXGroup;
			children = (
				EB19A57E29F588E40060F3BE /* AppDelegate.swift */,
				EB19A58029F588E40060F3BE /* SceneDelegate.swift */,
				EB19A58229F588E40060F3BE /* ViewController.swift */,
				EBA50D6429F58E8A0036DD16 /* SecondViewController.swift */,
				EB19A58729F588E40060F3BE /* Assets.xcassets */,
				EB19A58929F588E40060F3BE /* LaunchScreen.storyboard */,
				EB19A58C29F588E40060F3BE /* Info.plist */,
			);
			path = "Tipsy Project";
			sourceTree = "<group>";
		};
/* End PBXGroup section */

/* Begin PBXNativeTarget section */
		EB19A57A29F588E40060F3BE /* Tipsy Project */ = {
			isa = PBXNativeTarget;
			buildConfigurationList = EB19A58F29F588E40060F3BE /* Build configuration list for PBXNativeTarget "Tipsy Project" */;
			buildPhases = (
				7FDC393985949C8E7F989E8D /* [CP] Check Pods Manifest.lock */,
				EB19A57729F588E40060F3BE /* Sources */,
				EB19A57829F588E40060F3BE /* Frameworks */,
				EB19A57929F588E40060F3BE /* Resources */,
				C5845AB06F3EE1ECB39625EE /* [CP] Embed Pods Frameworks */,
			);
			buildRules = (
			);
			dependencies = (
			);
			name = "Tipsy Project";
			productName = "Tipsy Project";
			productReference = EB19A57B29F588E40060F3BE /* Tipsy Project.app */;
			productType = "com.apple.product-type.application";
		};
/* End PBXNativeTarget section */

/* Begin PBXProject section */
		EB19A57329F588E40060F3BE /* Project object */ = {
			isa = PBXProject;
			attributes = {
				BuildIndependentTargetsInParallel = 1;
				LastSwiftUpdateCheck = 1430;
				LastUpgradeCheck = 1430;
				TargetAttributes = {
					EB19A57A29F588E40060F3BE = {
						CreatedOnToolsVersion = 14.3;
					};
				};
			};
			buildConfigurationList = EB19A57629F588E40060F3BE /* Build configuration list for PBXProject "Tipsy Project" */;
			compatibilityVersion = "Xcode 14.0";
			developmentRegion = en;
			hasScannedForEncodings = 0;
			knownRegions = (
				en,
				Base,
			);
			mainGroup = EB19A57229F588E40060F3BE;
			productRefGroup = EB19A57C29F588E40060F3BE /* Products */;
			projectDirPath = "";
			projectRoot = "";
			targets = (
				EB19A57A29F588E40060F3BE /* Tipsy Project */,
			);
		};
/* End PBXProject section */

/* Begin PBXResourcesBuildPhase section */
		EB19A57929F588E40060F3BE /* Resources */ = {
			isa = PBXResourcesBuildPhase;
			buildActionMask = 2147483647;
			files = (
				EB19A58B29F588E40060F3BE /* LaunchScreen.storyboard in Resources */,
				EB19A58829F588E40060F3BE /* Assets.xcassets in Resources */,
			);
			runOnlyForDeploymentPostprocessing = 0;
		};
/* End PBXResourcesBuildPhase section */

/* Begin PBXShellScriptBuildPhase section */
		7FDC393985949C8E7F989E8D /* [CP] Check Pods Manifest.lock */ = {
			isa = PBXShellScriptBuildPhase;
			buildActionMask = 2147483647;
			files = (
			);
			inputFileListPaths = (
			);
			inputPaths = (
				"${PODS_PODFILE_DIR_PATH}/Podfile.lock",
				"${PODS_ROOT}/Manifest.lock",
			);
			name = "[CP] Check Pods Manifest.lock";
			outputFileListPaths = (
			);
			outputPaths = (
				"$(DERIVED_FILE_DIR)/Pods-Tipsy Project-checkManifestLockResult.txt",
			);
			runOnlyForDeploymentPostprocessing = 0;
			shellPath = /bin/sh;
			shellScript = "diff \"${PODS_PODFILE_DIR_PATH}/Podfile.lock\" \"${PODS_ROOT}/Manifest.lock\" > /dev/null\nif [ $? != 0 ] ; then\n    # print error to STDERR\n    echo \"error: The sandbox is not in sync with the Podfile.lock. Run 'pod install' or update your CocoaPods installation.\" >&2\n    exit 1\nfi\n# This output is used by Xcode 'outputs' to avoid re-running this script phase.\necho \"SUCCESS\" > \"${SCRIPT_OUTPUT_FILE_0}\"\n";
			showEnvVarsInLog = 0;
		};
		C5845AB06F3EE1ECB39625EE /* [CP] Embed Pods Frameworks */ = {
			isa = PBXShellScriptBuildPhase;
			buildActionMask = 2147483647;
			files = (
			);
			inputFileListPaths = (
				"${PODS_ROOT}/Target Support Files/Pods-Tipsy Project/Pods-Tipsy Project-frameworks-${CONFIGURATION}-input-files.xcfilelist",
			);
			name = "[CP] Embed Pods Frameworks";
			outputFileListPaths = (
				"${PODS_ROOT}/Target Support Files/Pods-Tipsy Project/Pods-Tipsy Project-frameworks-${CONFIGURATION}-output-files.xcfilelist",
			);
			runOnlyForDeploymentPostprocessing = 0;
			shellPath = /bin/sh;
			shellScript = "\"${PODS_ROOT}/Target Support Files/Pods-Tipsy Project/Pods-Tipsy Project-frameworks.sh\"\n";
			showEnvVarsInLog = 0;
		};
/* End PBXShellScriptBuildPhase section */

/* Begin PBXSourcesBuildPhase section */
		EB19A57729F588E40060F3BE /* Sources */ = {
			isa = PBXSourcesBuildPhase;
			buildActionMask = 2147483647;
			files = (
				EBA50D6529F58E8A0036DD16 /* SecondViewController.swift in Sources */,
				EB19A58329F588E40060F3BE /* ViewController.swift in Sources */,
				EB19A57F29F588E40060F3BE /* AppDelegate.swift in Sources */,
				EB19A58129F588E40060F3BE /* SceneDelegate.swift in Sources */,
			);
			runOnlyForDeploymentPostprocessing = 0;
		};
/* End PBXSourcesBuildPhase section */

/* Begin PBXVariantGroup section */
		EB19A58929F588E40060F3BE /* LaunchScreen.storyboard */ = {
			isa = PBXVariantGroup;
			children = (
				EB19A58A29F588E40060F3BE /* Base */,
			);
			name = LaunchScreen.storyboard;
			sourceTree = "<group>";
		};
/* End PBXVariantGroup section */

/* Begin XCBuildConfiguration section */
		EB19A58D29F588E40060F3BE /* Debug */ = {
			isa = XCBuildConfiguration;
			buildSettings = {
				ALWAYS_SEARCH_USER_PATHS = NO;
				CLANG_ANALYZER_NONNULL = YES;
				CLANG_ANALYZER_NUMBER_OBJECT_CONVERSION = YES_AGGRESSIVE;
				CLANG_CXX_LANGUAGE_STANDARD = "gnu++20";
				CLANG_ENABLE_MODULES = YES;
				CLANG_ENABLE_OBJC_ARC = YES;
				CLANG_ENABLE_OBJC_WEAK = YES;
				CLANG_WARN_BLOCK_CAPTURE_AUTORELEASING = YES;
				CLANG_WARN_BOOL_CONVERSION = YES;
				CLANG_WARN_COMMA = YES;
				CLANG_WARN_CONSTANT_CONVERSION = YES;
				CLANG_WARN_DEPRECATED_OBJC_IMPLEMENTATIONS = YES;
				CLANG_WARN_DIRECT_OBJC_ISA_USAGE = YES_ERROR;
				CLANG_WARN_DOCUMENTATION_COMMENTS = YES;
				CLANG_WARN_EMPTY_BODY = YES;
				CLANG_WARN_ENUM_CONVERSION = YES;
				CLANG_WARN_INFINITE_RECURSION = YES;
				CLANG_WARN_INT_CONVERSION = YES;
				CLANG_WARN_NON_LITERAL_NULL_CONVERSION = YES;
				CLANG_WARN_OBJC_IMPLICIT_RETAIN_SELF = YES;
				CLANG_WARN_OBJC_LITERAL_CONVERSION = YES;
				CLANG_WARN_OBJC_ROOT_CLASS = YES_ERROR;
				CLANG_WARN_QUOTED_INCLUDE_IN_FRAMEWORK_HEADER = YES;
				CLANG_WARN_RANGE_LOOP_ANALYSIS = YES;
				CLANG_WARN_STRICT_PROTOTYPES = YES;
				CLANG_WARN_SUSPICIOUS_MOVE = YES;
				CLANG_WARN_UNGUARDED_AVAILABILITY = YES_AGGRESSIVE;
				CLANG_WARN_UNREACHABLE_CODE = YES;
				CLANG_WARN__DUPLICATE_METHOD_MATCH = YES;
				COPY_PHASE_STRIP = NO;
				DEBUG_INFORMATION_FORMAT = dwarf;
				ENABLE_STRICT_OBJC_MSGSEND = YES;
				ENABLE_TESTABILITY = YES;
				GCC_C_LANGUAGE_STANDARD = gnu11;
				GCC_DYNAMIC_NO_PIC = NO;
				GCC_NO_COMMON_BLOCKS = YES;
				GCC_OPTIMIZATION_LEVEL = 0;
				GCC_PREPROCESSOR_DEFINITIONS = (
					"DEBUG=1",
					"$(inherited)",
				);
				GCC_WARN_64_TO_32_BIT_CONVERSION = YES;
				GCC_WARN_ABOUT_RETURN_TYPE = YES_ERROR;
				GCC_WARN_UNDECLARED_SELECTOR = YES;
				GCC_WARN_UNINITIALIZED_AUTOS = YES_AGGRESSIVE;
				GCC_WARN_UNUSED_FUNCTION = YES;
				GCC_WARN_UNUSED_VARIABLE = YES;
				IPHONEOS_DEPLOYMENT_TARGET = 16.4;
				MTL_ENABLE_DEBUG_INFO = INCLUDE_SOURCE;
				MTL_FAST_MATH = YES;
				ONLY_ACTIVE_ARCH = YES;
				SDKROOT = iphoneos;
				SWIFT_ACTIVE_COMPILATION_CONDITIONS = DEBUG;
				SWIFT_OPTIMIZATION_LEVEL = "-Onone";
			};
			name = Debug;
		};
		EB19A58E29F588E40060F3BE /* Release */ = {
			isa = XCBuildConfiguration;
			buildSettings = {
				ALWAYS_SEARCH_USER_PATHS = NO;
				CLANG_ANALYZER_NONNULL = YES;
				CLANG_ANALYZER_NUMBER_OBJECT_CONVERSION = YES_AGGRESSIVE;
				CLANG_CXX_LANGUAGE_STANDARD = "gnu++20";
				CLANG_ENABLE_MODULES = YES;
				CLANG_ENABLE_OBJC_ARC = YES;
				CLANG_ENABLE_OBJC_WEAK = YES;
				CLANG_WARN_BLOCK_CAPTURE_AUTORELEASING = YES;
				CLANG_WARN_BOOL_CONVERSION = YES;
				CLANG_WARN_COMMA = YES;
				CLANG_WARN_CONSTANT_CONVERSION = YES;
				CLANG_WARN_DEPRECATED_OBJC_IMPLEMENTATIONS = YES;
				CLANG_WARN_DIRECT_OBJC_ISA_USAGE = YES_ERROR;
				CLANG_WARN_DOCUMENTATION_COMMENTS = YES;
				CLANG_WARN_EMPTY_BODY = YES;
				CLANG_WARN_ENUM_CONVERSION = YES;
				CLANG_WARN_INFINITE_RECURSION = YES;
				CLANG_WARN_INT_CONVERSION = YES;
				CLANG_WARN_NON_LITERAL_NULL_CONVERSION = YES;
				CLANG_WARN_OBJC_IMPLICIT_RETAIN_SELF = YES;
				CLANG_WARN_OBJC_LITERAL_CONVERSION = YES;
				CLANG_WARN_OBJC_ROOT_CLASS = YES_ERROR;
				CLANG_WARN_QUOTED_INCLUDE_IN_FRAMEWORK_HEADER = YES;
				CLANG_WARN_RANGE_LOOP_ANALYSIS = YES;
				CLANG_WARN_STRICT_PROTOTYPES = YES;
				CLANG_WARN_SUSPICIOUS_MOVE = YES;
				CLANG_WARN_UNGUARDED_AVAILABILITY = YES_AGGRESSIVE;
				CLANG_WARN_UNREACHABLE_CODE = YES;
				CLANG_WARN__DUPLICATE_METHOD_MATCH = YES;
				COPY_PHASE_STRIP = NO;
				DEBUG_INFORMATION_FORMAT = "dwarf-with-dsym";
				ENABLE_NS_ASSERTIONS = NO;
				ENABLE_STRICT_OBJC_MSGSEND = YES;
				GCC_C_LANGUAGE_STANDARD = gnu11;
				GCC_NO_COMMON_BLOCKS = YES;
				GCC_WARN_64_TO_32_BIT_CONVERSION = YES;
				GCC_WARN_ABOUT_RETURN_TYPE = YES_ERROR;
				GCC_WARN_UNDECLARED_SELECTOR = YES;
				GCC_WARN_UNINITIALIZED_AUTOS = YES_AGGRESSIVE;
				GCC_WARN_UNUSED_FUNCTION = YES;
				GCC_WARN_UNUSED_VARIABLE = YES;
				IPHONEOS_DEPLOYMENT_TARGET = 16.4;
				MTL_ENABLE_DEBUG_INFO = NO;
				MTL_FAST_MATH = YES;
				SDKROOT = iphoneos;
				SWIFT_COMPILATION_MODE = wholemodule;
				SWIFT_OPTIMIZATION_LEVEL = "-O";
				VALIDATE_PRODUCT = YES;
			};
			name = Release;
		};
		EB19A59029F588E40060F3BE /* Debug */ = {
			isa = XCBuildConfiguration;
			baseConfigurationReference = 41736C94BD98AE7E3A815367 /* Pods-Tipsy Project.debug.xcconfig */;
			buildSettings = {
				ASSETCATALOG_COMPILER_APPICON_NAME = AppIcon;
				ASSETCATALOG_COMPILER_GLOBAL_ACCENT_COLOR_NAME = AccentColor;
				CODE_SIGN_STYLE = Automatic;
				CURRENT_PROJECT_VERSION = 1;
				DEVELOPMENT_TEAM = 9444ZC259H;
				GENERATE_INFOPLIST_FILE = YES;
				INFOPLIST_FILE = "Tipsy Project/Info.plist";
				INFOPLIST_KEY_UIApplicationSupportsIndirectInputEvents = YES;
				INFOPLIST_KEY_UILaunchStoryboardName = LaunchScreen;
				INFOPLIST_KEY_UISupportedInterfaceOrientations_iPad = "UIInterfaceOrientationPortrait UIInterfaceOrientationPortraitUpsideDown UIInterfaceOrientationLandscapeLeft UIInterfaceOrientationLandscapeRight";
				INFOPLIST_KEY_UISupportedInterfaceOrientations_iPhone = "UIInterfaceOrientationPortrait UIInterfaceOrientationLandscapeLeft UIInterfaceOrientationLandscapeRight";
				LD_RUNPATH_SEARCH_PATHS = (
					"$(inherited)",
					"@executable_path/Frameworks",
				);
				MARKETING_VERSION = 1.0;
				PRODUCT_BUNDLE_IDENTIFIER = "myself.Tipsy-Project";
				PRODUCT_NAME = "$(TARGET_NAME)";
				SWIFT_EMIT_LOC_STRINGS = YES;
				SWIFT_VERSION = 5.0;
				TARGETED_DEVICE_FAMILY = "1,2";
			};
			name = Debug;
		};
		EB19A59129F588E40060F3BE /* Release */ = {
			isa = XCBuildConfiguration;
			baseConfigurationReference = 60B60F0387593E761292E6D6 /* Pods-Tipsy Project.release.xcconfig */;
			buildSettings = {
				ASSETCATALOG_COMPILER_APPICON_NAME = AppIcon;
				ASSETCATALOG_COMPILER_GLOBAL_ACCENT_COLOR_NAME = AccentColor;
				CODE_SIGN_STYLE = Automatic;
				CURRENT_PROJECT_VERSION = 1;
				DEVELOPMENT_TEAM = 9444ZC259H;
				GENERATE_INFOPLIST_FILE = YES;
				INFOPLIST_FILE = "Tipsy Project/Info.plist";
				INFOPLIST_KEY_UIApplicationSupportsIndirectInputEvents = YES;
				INFOPLIST_KEY_UILaunchStoryboardName = LaunchScreen;
				INFOPLIST_KEY_UISupportedInterfaceOrientations_iPad = "UIInterfaceOrientationPortrait UIInterfaceOrientationPortraitUpsideDown UIInterfaceOrientationLandscapeLeft UIInterfaceOrientationLandscapeRight";
				INFOPLIST_KEY_UISupportedInterfaceOrientations_iPhone = "UIInterfaceOrientationPortrait UIInterfaceOrientationLandscapeLeft UIInterfaceOrientationLandscapeRight";
				LD_RUNPATH_SEARCH_PATHS = (
					"$(inherited)",
					"@executable_path/Frameworks",
				);
				MARKETING_VERSION = 1.0;
				PRODUCT_BUNDLE_IDENTIFIER = "myself.Tipsy-Project";
				PRODUCT_NAME = "$(TARGET_NAME)";
				SWIFT_EMIT_LOC_STRINGS = YES;
				SWIFT_VERSION = 5.0;
				TARGETED_DEVICE_FAMILY = "1,2";
			};
			name = Release;
		};
/* End XCBuildConfiguration section */

/* Begin XCConfigurationList section */
		EB19A57629F588E40060F3BE /* Build configuration list for PBXProject "Tipsy Project" */ = {
			isa = XCConfigurationList;
			buildConfigurations = (
				EB19A58D29F588E40060F3BE /* Debug */,
				EB19A58E29F588E40060F3BE /* Release */,
			);
			defaultConfigurationIsVisible = 0;
			defaultConfigurationName = Release;
		};
		EB19A58F29F588E40060F3BE /* Build configuration list for PBXNativeTarget "Tipsy Project" */ = {
			isa = XCConfigurationList;
			buildConfigurations = (
				EB19A59029F588E40060F3BE /* Debug */,
				EB19A59129F588E40060F3BE /* Release */,
			);
			defaultConfigurationIsVisible = 0;
			defaultConfigurationName = Release;
		};
/* End XCConfigurationList section */
	};
	rootObject = EB19A57329F588E40060F3BE /* Project object */;
}
